
Microsoft Visual Studio Solution File, Format Version 12.00
# Visual Studio Version 16
VisualStudioVersion = 16.0.31019.35
MinimumVisualStudioVersion = 10.0.40219.1
Project("{9A19103F-16F7-4668-BE54-9A1E7A4F7556}") = "ACM.BL", "ACM.BL\ACM.BL.csproj", "{6EE9EDB0-E9B8-46B1-B68A-4137345A94DD}"
EndProject
Project("{2150E333-8FDC-42A3-9474-1A3956D46DE8}") = "Tests", "Tests", "{F4702044-CCB1-4F0B-9933-E4CBD9053002}"
EndProject
Project("{FAE04EC0-301F-11D3-BF4B-00C04F79EFBC}") = "ACM.BL.Test", "Tests\ACM.BL.Test\ACM.BL.Test.csproj", "{77BF9A16-8184-4965-849A-87A05688E9BC}"
EndProject
Project("{FAE04EC0-301F-11D3-BF4B-00C04F79EFBC}") = "Acme.Common", "Acme.Common\Acme.Common.csproj", "{DC95158F-C34C-43C6-BBEB-AE73702DC5D6}"
EndProject
Project("{FAE04EC0-301F-11D3-BF4B-00C04F79EFBC}") = "Acme.CommonTest", "Tests\Acme.CommonTest\Acme.CommonTest.csproj", "{5855DB15-6B90-46BB-AD93-1E9029255510}"
EndProject
Global
	GlobalSection(SolutionConfigurationPlatforms) = preSolution
		Debug|Any CPU = Debug|Any CPU
		Release|Any CPU = Release|Any CPU
	EndGlobalSection
	GlobalSection(ProjectConfigurationPlatforms) = postSolution
		{6EE9EDB0-E9B8-46B1-B68A-4137345A94DD}.Debug|Any CPU.ActiveCfg = Debug|Any CPU
		{6EE9EDB0-E9B8-46B1-B68A-4137345A94DD}.Debug|Any CPU.Build.0 = Debug|Any CPU
		{6EE9EDB0-E9B8-46B1-B68A-4137345A94DD}.Release|Any CPU.ActiveCfg = Release|Any CPU
		{6EE9EDB0-E9B8-46B1-B68A-4137345A94DD}.Release|Any CPU.Build.0 = Release|Any CPU
		{77BF9A16-8184-4965-849A-87A05688E9BC}.Debug|Any CPU.ActiveCfg = Debug|Any CPU
		{77BF9A16-8184-4965-849A-87A05688E9BC}.Debug|Any CPU.Build.0 = Debug|Any CPU
		{77BF9A16-8184-4965-849A-87A05688E9BC}.Release|Any CPU.ActiveCfg = Release|Any CPU
		{77BF9A16-8184-4965-849A-87A05688E9BC}.Release|Any CPU.Build.0 = Release|Any CPU
		{DC95158F-C34C-43C6-BBEB-AE73702DC5D6}.Debug|Any CPU.ActiveCfg = Debug|Any CPU
		{DC95158F-C34C-43C6-BBEB-AE73702DC5D6}.Debug|Any CPU.Build.0 = Debug|Any CPU
		{DC95158F-C34C-43C6-BBEB-AE73702DC5D6}.Release|Any CPU.ActiveCfg = Release|Any CPU
		{DC95158F-C34C-43C6-BBEB-AE73702DC5D6}.Release|Any CPU.Build.0 = Release|Any CPU
		{5855DB15-6B90-46BB-AD93-1E9029255510}.Debug|Any CPU.ActiveCfg = Debug|Any CPU
		{5855DB15-6B90-46BB-AD93-1E9029255510}.Debug|Any CPU.Build.0 = Debug|Any CPU
		{5855DB15-6B90-46BB-AD93-1E9029255510}.Release|Any CPU.ActiveCfg = Release|Any CPU
		{5855DB15-6B90-46BB-AD93-1E9029255510}.Release|Any CPU.Build.0 = Release|Any CPU
	EndGlobalSection
	GlobalSection(SolutionProperties) = preSolution
		HideSolutionNode = FALSE
	EndGlobalSection
	GlobalSection(NestedProjects) = preSolution
		{77BF9A16-8184-4965-849A-87A05688E9BC} = {F4702044-CCB1-4F0B-9933-E4CBD9053002}
		{5855DB15-6B90-46BB-AD93-1E9029255510} = {F4702044-CCB1-4F0B-9933-E4CBD9053002}
	EndGlobalSection
	GlobalSection(ExtensibilityGlobals) = postSolution
		SolutionGuid = {C3CF14B3-EF3A-4940-9893-EF81112C17FD}
	EndGlobalSection
EndGlobal
